{
  "lockfileVersion": 1,
  "configVersion": 1,
  "workspaces": {
    "": {
      "name": "engineering-canon-e2e",
      "devDependencies": {
        "@playwright/test": "1.61.1",
        "@types/istanbul-lib-coverage": "^2.0.6",
        "@types/node": "^24.0.0",
        "istanbul-lib-coverage": "^3.2.2",
        "typescript": "^5.9.3",
        "v8-to-istanbul": "^9.3.0",
      },
    },
  },
  "packages": {
    "@jridgewell/resolve-uri": ["@jridgewell/resolve-uri@3.1.2", "", {}, "sha512-bRISgCIjP20/tbWSPWMEi54QVPRZExkuD9lJL+UIxUKtwVJA8wW1Trb1jMs1RFXo1CBTNZ/5hpC9QvmKWdopKw=="],

    "@jridgewell/sourcemap-codec": ["@jridgewell/sourcemap-codec@1.5.5", "", {}, "sha512-cYQ9310grqxueWbl+WuIUIaiUaDcj7WOq5fVhEljNVgRfOUhY9fy2zTvfoqWsnebh8Sl70VScFbICvJnLKB0Og=="],

    "@jridgewell/trace-mapping": ["@jridgewell/trace-mapping@0.3.31", "", { "dependencies": { "@jridgewell/resolve-uri": "^3.1.0", "@jridgewell/sourcemap-codec": "^1.4.14" } }, "sha512-zzNR+SdQSDJzc8joaeP8QQoCQr8NuYx2dIIytl1QeBEZHJ9uW6hebsrYgbz8hJwUQao3TWCMtmfV8Nu1twOLAw=="],

    "@playwright/test": ["@playwright/test@1.61.1", "", { "dependencies": { "playwright": "1.61.1" }, "bin": { "playwright": "cli.js" } }, "sha512-8nKv6+0RJSL9FE4jYOEGXnPeM/Hg12qZpmqzZjRh3qM0Y7c3z1mrOTfFLids72RDQYVh9WpLEfR5WdpNX4fkig=="],

    "@types/istanbul-lib-coverage": ["@types/istanbul-lib-coverage@2.0.6", "", {}, "sha512-2QF/t/auWm0lsy8XtKVPG19v3sSOQlJe/YHZgfjb/KBBHOGSV+J2q/S671rcq9uTBrLAXmZpqJiaQbMT+zNU1w=="],

    "@types/node": ["@types/node@24.13.3", "", { "dependencies": { "undici-types": "~7.18.0" } }, "sha512-Dh8vAsV36ig5wa9OX4pXvMc9D3Veibfw2wix0CUwYODLD8nkj9UsLjASr49nPg+2eKzxhBV+v7L8pXvT4e639Q=="],

    "convert-source-map": ["convert-source-map@2.0.0", "", {}, "sha512-Kvp459HrV2FEJ1CAsi1Ku+MY3kasH19TFykTz2xWmMeq6bk2NU3XXvfJ+Q61m0xktWwt+1HSYf3JZsTms3aRJg=="],

    "fsevents": ["fsevents@2.3.2", "", { "os": "darwin" }, "sha512-xiqMQR4xAeHTuB9uWm+fFRcIOgKBMiOBP+eXiyT7jsgVCq1bkVygt00oASowB7EdtpOHaaPgKt812P9ab+DDKA=="],

    "istanbul-lib-coverage": ["istanbul-lib-coverage@3.2.2", "", {}, "sha512-O8dpsF+r0WV/8MNRKfnmrtCWhuKjxrq2w+jpzBL5UZKTi2LeVWnWOmWRxFlesJONmc+wLAGvKQZEOanko0LFTg=="],

    "playwright": ["playwright@1.61.1", "", { "dependencies": { "playwright-core": "1.61.1" }, "optionalDependencies": { "fsevents": "2.3.2" }, "bin": { "playwright": "cli.js" } }, "sha512-DWnY5o3YbLWK4GovuAVwpqL+1VwGNdUGrRr++8j8PtQQzvAVZUIMjKQ90fY689sEJZJBbZVw1rXaOKSTitkzPQ=="],

    "playwright-core": ["playwright-core@1.61.1", "", { "bin": { "playwright-core": "cli.js" } }, "sha512-h7Qlt6m4REp25qvIdvbDtVmD4LqVXfpRxhORv9L0jzETM05p4fuPJ3dKyuSXQxDSbXnmS79HAgi9589lGSpLkg=="],

    "typescript": ["typescript@5.9.3", "", { "bin": { "tsc": "bin/tsc", "tsserver": "bin/tsserver" } }, "sha512-jl1vZzPDinLr9eUt3J/t7V6FgNEw9QjvBPdysz9KfQDD41fQrC2Y4vKQdiaUpFT4bXlb1RHhLpp8wtm6M5TgSw=="],

    "undici-types": ["undici-types@7.18.2", "", {}, "sha512-AsuCzffGHJybSaRrmr5eHr81mwJU3kjw6M+uprWvCXiNeN9SOGwQ3Jn8jb8m3Z6izVgknn1R0FTCEAP2QrLY/w=="],

    "v8-to-istanbul": ["v8-to-istanbul@9.3.0", "", { "dependencies": { "@jridgewell/trace-mapping": "^0.3.12", "@types/istanbul-lib-coverage": "^2.0.1", "convert-source-map": "^2.0.0" } }, "sha512-kiGUalWN+rgBJ/1OHZsBtU4rXZOfj/7rKQxULKlIzwzQSvMJUUNgPwJEEh7gU6xEVxC0ahoOBvN2YI8GH6FNgA=="],
  }
}
